
Microsoft Visual Studio Solution File, Format Version 12.00
# Visual Studio Version 17
VisualStudioVersion = 17.0.31611.283
MinimumVisualStudioVersion = 10.0.40219.1
Project("{9A19103F-16F7-4668-BE54-9A1E7A4F7556}") = "TicTacToe-basic", "TicTacToe-basic\TicTacToe-basic.csproj", "{30F9AC01-77D6-475F-A22C-7C762A08C587}"
EndProject
Project("{9A19103F-16F7-4668-BE54-9A1E7A4F7556}") = "TicTacToe-intermediate", "TicTacToe-intermediate\TicTacToe-intermediate.csproj", "{7CC9945B-B20E-4161-B0AC-D14AAAB50B81}"
EndProject
Project("{FAE04EC0-301F-11D3-BF4B-00C04F79EFBC}") = "TicTacToe-test", "TicTacToe-test\TicTacToe-test.csproj", "{0A9EADCF-0EA2-46FB-B736-37D03F629309}"
EndProject
Global
	GlobalSection(SolutionConfigurationPlatforms) = preSolution
		Debug|Any CPU = Debug|Any CPU
		Release|Any CPU = Release|Any CPU
	EndGlobalSection
	GlobalSection(ProjectConfigurationPlatforms) = postSolution
		{30F9AC01-77D6-475F-A22C-7C762A08C587}.Debug|Any CPU.ActiveCfg = Debug|Any CPU
		{30F9AC01-77D6-475F-A22C-7C762A08C587}.Debug|Any CPU.Build.0 = Debug|Any CPU
		{30F9AC01-77D6-475F-A22C-7C762A08C587}.Debug|Any CPU.Deploy.0 = Debug|Any CPU
		{30F9AC01-77D6-475F-A22C-7C762A08C587}.Release|Any CPU.ActiveCfg = Release|Any CPU
		{30F9AC01-77D6-475F-A22C-7C762A08C587}.Release|Any CPU.Build.0 = Release|Any CPU
		{30F9AC01-77D6-475F-A22C-7C762A08C587}.Release|Any CPU.Deploy.0 = Release|Any CPU
		{7CC9945B-B20E-4161-B0AC-D14AAAB50B81}.Debug|Any CPU.ActiveCfg = Debug|Any CPU
		{7CC9945B-B20E-4161-B0AC-D14AAAB50B81}.Debug|Any CPU.Build.0 = Debug|Any CPU
		{7CC9945B-B20E-4161-B0AC-D14AAAB50B81}.Debug|Any CPU.Deploy.0 = Debug|Any CPU
		{7CC9945B-B20E-4161-B0AC-D14AAAB50B81}.Release|Any CPU.ActiveCfg = Release|Any CPU
		{7CC9945B-B20E-4161-B0AC-D14AAAB50B81}.Release|Any CPU.Build.0 = Release|Any CPU
		{7CC9945B-B20E-4161-B0AC-D14AAAB50B81}.Release|Any CPU.Deploy.0 = Release|Any CPU
		{0A9EADCF-0EA2-46FB-B736-37D03F629309}.Debug|Any CPU.ActiveCfg = Debug|Any CPU
		{0A9EADCF-0EA2-46FB-B736-37D03F629309}.Debug|Any CPU.Build.0 = Debug|Any CPU
		{0A9EADCF-0EA2-46FB-B736-37D03F629309}.Debug|Any CPU.Deploy.0 = Debug|Any CPU
		{0A9EADCF-0EA2-46FB-B736-37D03F629309}.Release|Any CPU.ActiveCfg = Release|Any CPU
		{0A9EADCF-0EA2-46FB-B736-37D03F629309}.Release|Any CPU.Build.0 = Release|Any CPU
		{0A9EADCF-0EA2-46FB-B736-37D03F629309}.Release|Any CPU.Deploy.0 = Release|Any CPU
	EndGlobalSection
	GlobalSection(SolutionProperties) = preSolution
		HideSolutionNode = FALSE
	EndGlobalSection
	GlobalSection(ExtensibilityGlobals) = postSolution
		SolutionGuid = {61F7FB11-1E47-470C-91E2-47F8143E1572}
	EndGlobalSection
EndGlobal
